
Microsoft Visual Studio Solution File, Format Version 12.00
# Visual Studio Version 17
VisualStudioVersion = 17.4.33213.308
MinimumVisualStudioVersion = 10.0.40219.1
Project("{FAE04EC0-301F-11D3-BF4B-00C04F79EFBC}") = "Сканер портов", "Сканер портов\Сканер портов.csproj", "{53F55305-E6DB-430C-8343-7860C0798488}"
EndProject
Global
	GlobalSection(SolutionConfigurationPlatforms) = preSolution
		Debug|Any CPU = Debug|Any CPU
		Release|Any CPU = Release|Any CPU
	EndGlobalSection
	GlobalSection(ProjectConfigurationPlatforms) = postSolution
		{53F55305-E6DB-430C-8343-7860C0798488}.Debug|Any CPU.ActiveCfg = Debug|Any CPU
		{53F55305-E6DB-430C-8343-7860C0798488}.Debug|Any CPU.Build.0 = Debug|Any CPU
		{53F55305-E6DB-430C-8343-7860C0798488}.Release|Any CPU.ActiveCfg = Release|Any CPU
		{53F55305-E6DB-430C-8343-7860C0798488}.Release|Any CPU.Build.0 = Release|Any CPU
	EndGlobalSection
	GlobalSection(SolutionProperties) = preSolution
		HideSolutionNode = FALSE
	EndGlobalSection
	GlobalSection(ExtensibilityGlobals) = postSolution
		SolutionGuid = {106681A8-706B-4678-8632-FD984805BE70}
	EndGlobalSection
EndGlobal
